{
  "object": {
    "pins": [
      {
        "package": "BetterCodable",
        "repositoryURL": "https://github.com/marksands/BetterCodable.git",
        "state": {
          "branch": null,
          "revision": "99133960f4b07bedf16034ae47555905aaa40b9c",
          "version": "0.3.0"
        }
      }
    ]
  },
  "version": 1
}
